// !$*UTF8*$!
{
	archiveVersion = 1;
	classes = {
	};
	objectVersion = 56;
	objects = {

/* Begin PBXBuildFile section */
		FE0F6D192BEF67040055A851 /* AppDelegate.swift in Sources */ = {isa = PBXBuildFile; fileRef = FE0F6D182BEF67040055A851 /* AppDelegate.swift */; };
		FE0F6D1B2BEF67040055A851 /* SceneDelegate.swift in Sources */ = {isa = PBXBuildFile; fileRef = FE0F6D1A2BEF67040055A851 /* SceneDelegate.swift */; };
		FE0F6D222BEF67060055A851 /* Assets.xcassets in Resources */ = {isa = PBXBuildFile; fileRef = FE0F6D212BEF67060055A851 /* Assets.xcassets */; };
		FE0F6D252BEF67060055A851 /* Base in Resources */ = {isa = PBXBuildFile; fileRef = FE0F6D242BEF67060055A851 /* Base */; };
		FE0F6D3A2BEF67060055A851 /* CryptoListersUITests.swift in Sources */ = {isa = PBXBuildFile; fileRef = FE0F6D392BEF67060055A851 /* CryptoListersUITests.swift */; };
		FE0F6D3C2BEF67060055A851 /* CryptoListersUITestsLaunchTests.swift in Sources */ = {isa = PBXBuildFile; fileRef = FE0F6D3B2BEF67060055A851 /* CryptoListersUITestsLaunchTests.swift */; };
		FE0F6D492BEF6FD80055A851 /* CryptoListViewController.swift in Sources */ = {isa = PBXBuildFile; fileRef = FE0F6D482BEF6FD80055A851 /* CryptoListViewController.swift */; };
		FE0F6D4D2BEF8B8A0055A851 /* DataResponseModel.swift in Sources */ = {isa = PBXBuildFile; fileRef = FE0F6D4C2BEF8B8A0055A851 /* DataResponseModel.swift */; };
		FE0F6D542BF0B2F10055A851 /* DetailsTableViewCell.swift in Sources */ = {isa = PBXBuildFile; fileRef = FE0F6D532BF0B2F10055A851 /* DetailsTableViewCell.swift */; };
		FE0F6D562BF0F50E0055A851 /* AppConstants.swift in Sources */ = {isa = PBXBuildFile; fileRef = FE0F6D552BF0F50E0055A851 /* AppConstants.swift */; };
		FE0F6D592BF1CC200055A851 /* AppColors.swift in Sources */ = {isa = PBXBuildFile; fileRef = FE0F6D582BF1CC200055A851 /* AppColors.swift */; };
		FE0F6D5B2BF1E5A00055A851 /* NetworkService.swift in Sources */ = {isa = PBXBuildFile; fileRef = FE0F6D5A2BF1E5A00055A851 /* NetworkService.swift */; };
		FE0F6D5D2BF1E7A60055A851 /* ErrorMessage.swift in Sources */ = {isa = PBXBuildFile; fileRef = FE0F6D5C2BF1E7A60055A851 /* ErrorMessage.swift */; };
		FE0F6D622BF1F0B20055A851 /* EndPoints.swift in Sources */ = {isa = PBXBuildFile; fileRef = FE0F6D612BF1F0B20055A851 /* EndPoints.swift */; };
		FE0F6D642BF1F1490055A851 /* Key.plist in Resources */ = {isa = PBXBuildFile; fileRef = FE0F6D632BF1F1490055A851 /* Key.plist */; };
		FE0F6D662BF218B00055A851 /* CryptoViewController.swift in Sources */ = {isa = PBXBuildFile; fileRef = FE0F6D652BF218B00055A851 /* CryptoViewController.swift */; };
		FE0F6D682BF218DE0055A851 /* CryptoListViewController.swift in Sources */ = {isa = PBXBuildFile; fileRef = FE0F6D482BEF6FD80055A851 /* CryptoListViewController.swift */; };
		FE0F6D6B2BF221C90055A851 /* TableViewAnimation.swift in Sources */ = {isa = PBXBuildFile; fileRef = FE0F6D6A2BF221C90055A851 /* TableViewAnimation.swift */; };
		FE0F6D6C2BF23B850055A851 /* DataResponseModel.swift in Sources */ = {isa = PBXBuildFile; fileRef = FE0F6D4C2BEF8B8A0055A851 /* DataResponseModel.swift */; };
		FE0F6D6D2BF23B970055A851 /* AppColors.swift in Sources */ = {isa = PBXBuildFile; fileRef = FE0F6D582BF1CC200055A851 /* AppColors.swift */; };
		FE0F6D6E2BF23BA00055A851 /* AppConstants.swift in Sources */ = {isa = PBXBuildFile; fileRef = FE0F6D552BF0F50E0055A851 /* AppConstants.swift */; };
		FE0F6D6F2BF23BA50055A851 /* ErrorMessage.swift in Sources */ = {isa = PBXBuildFile; fileRef = FE0F6D5C2BF1E7A60055A851 /* ErrorMessage.swift */; };
		FE0F6D702BF23BAA0055A851 /* NetworkService.swift in Sources */ = {isa = PBXBuildFile; fileRef = FE0F6D5A2BF1E5A00055A851 /* NetworkService.swift */; };
		FE0F6D712BF23BAD0055A851 /* EndPoints.swift in Sources */ = {isa = PBXBuildFile; fileRef = FE0F6D612BF1F0B20055A851 /* EndPoints.swift */; };
		FE0F6D722BF23BB50055A851 /* DetailsTableViewCell.swift in Sources */ = {isa = PBXBuildFile; fileRef = FE0F6D532BF0B2F10055A851 /* DetailsTableViewCell.swift */; };
		FE0F6D732BF23BBE0055A851 /* TableViewAnimation.swift in Sources */ = {isa = PBXBuildFile; fileRef = FE0F6D6A2BF221C90055A851 /* TableViewAnimation.swift */; };
/* End PBXBuildFile section */

/* Begin PBXContainerItemProxy section */
		FE0F6D2C2BEF67060055A851 /* PBXContainerItemProxy */ = {
			isa = PBXContainerItemProxy;
			containerPortal = FE0F6D0D2BEF67040055A851 /* Project object */;
			proxyType = 1;
			remoteGlobalIDString = FE0F6D142BEF67040055A851;
			remoteInfo = CryptoListers;
		};
		FE0F6D362BEF67060055A851 /* PBXContainerItemProxy */ = {
			isa = PBXContainerItemProxy;
			containerPortal = FE0F6D0D2BEF67040055A851 /* Project object */;
			proxyType = 1;
			remoteGlobalIDString = FE0F6D142BEF67040055A851;
			remoteInfo = CryptoListers;
		};
/* End PBXContainerItemProxy section */

/* Begin PBXFileReference section */
		FE0F6D152BEF67040055A851 /* CryptoListers.app */ = {isa = PBXFileReference; explicitFileType = wrapper.application; includeInIndex = 0; path = CryptoListers.app; sourceTree = BUILT_PRODUCTS_DIR; };
		FE0F6D182BEF67040055A851 /* AppDelegate.swift */ = {isa = PBXFileReference; lastKnownFileType = sourcecode.swift; path = AppDelegate.swift; sourceTree = "<group>"; };
		FE0F6D1A2BEF67040055A851 /* SceneDelegate.swift */ = {isa = PBXFileReference; lastKnownFileType = sourcecode.swift; path = SceneDelegate.swift; sourceTree = "<group>"; };
		FE0F6D212BEF67060055A851 /* Assets.xcassets */ = {isa = PBXFileReference; lastKnownFileType = folder.assetcatalog; path = Assets.xcassets; sourceTree = "<group>"; };
		FE0F6D242BEF67060055A851 /* Base */ = {isa = PBXFileReference; lastKnownFileType = file.storyboard; name = Base; path = Base.lproj/LaunchScreen.storyboard; sourceTree = "<group>"; };
		FE0F6D262BEF67060055A851 /* Info.plist */ = {isa = PBXFileReference; lastKnownFileType = text.plist.xml; path = Info.plist; sourceTree = "<group>"; };
		FE0F6D2B2BEF67060055A851 /* CryptoListersTests.xctest */ = {isa = PBXFileReference; explicitFileType = wrapper.cfbundle; includeInIndex = 0; path = CryptoListersTests.xctest; sourceTree = BUILT_PRODUCTS_DIR; };
		FE0F6D352BEF67060055A851 /* CryptoListersUITests.xctest */ = {isa = PBXFileReference; explicitFileType = wrapper.cfbundle; includeInIndex = 0; path = CryptoListersUITests.xctest; sourceTree = BUILT_PRODUCTS_DIR; };
		FE0F6D392BEF67060055A851 /* CryptoListersUITests.swift */ = {isa = PBXFileReference; lastKnownFileType = sourcecode.swift; path = CryptoListersUITests.swift; sourceTree = "<group>"; };
		FE0F6D3B2BEF67060055A851 /* CryptoListersUITestsLaunchTests.swift */ = {isa = PBXFileReference; lastKnownFileType = sourcecode.swift; path = CryptoListersUITestsLaunchTests.swift; sourceTree = "<group>"; };
		FE0F6D482BEF6FD80055A851 /* CryptoListViewController.swift */ = {isa = PBXFileReference; lastKnownFileType = sourcecode.swift; path = CryptoListViewController.swift; sourceTree = "<group>"; };
		FE0F6D4C2BEF8B8A0055A851 /* DataResponseModel.swift */ = {isa = PBXFileReference; lastKnownFileType = sourcecode.swift; path = DataResponseModel.swift; sourceTree = "<group>"; };
		FE0F6D532BF0B2F10055A851 /* DetailsTableViewCell.swift */ = {isa = PBXFileReference; lastKnownFileType = sourcecode.swift; path = DetailsTableViewCell.swift; sourceTree = "<group>"; };
		FE0F6D552BF0F50E0055A851 /* AppConstants.swift */ = {isa = PBXFileReference; lastKnownFileType = sourcecode.swift; path = AppConstants.swift; sourceTree = "<group>"; };
		FE0F6D582BF1CC200055A851 /* AppColors.swift */ = {isa = PBXFileReference; lastKnownFileType = sourcecode.swift; path = AppColors.swift; sourceTree = "<group>"; };
		FE0F6D5A2BF1E5A00055A851 /* NetworkService.swift */ = {isa = PBXFileReference; lastKnownFileType = sourcecode.swift; path = NetworkService.swift; sourceTree = "<group>"; };
		FE0F6D5C2BF1E7A60055A851 /* ErrorMessage.swift */ = {isa = PBXFileReference; lastKnownFileType = sourcecode.swift; path = ErrorMessage.swift; sourceTree = "<group>"; };
		FE0F6D612BF1F0B20055A851 /* EndPoints.swift */ = {isa = PBXFileReference; lastKnownFileType = sourcecode.swift; path = EndPoints.swift; sourceTree = "<group>"; };
		FE0F6D632BF1F1490055A851 /* Key.plist */ = {isa = PBXFileReference; lastKnownFileType = text.plist.xml; path = Key.plist; sourceTree = "<group>"; };
		FE0F6D652BF218B00055A851 /* CryptoViewController.swift */ = {isa = PBXFileReference; lastKnownFileType = sourcecode.swift; path = CryptoViewController.swift; sourceTree = "<group>"; };
		FE0F6D6A2BF221C90055A851 /* TableViewAnimation.swift */ = {isa = PBXFileReference; lastKnownFileType = sourcecode.swift; path = TableViewAnimation.swift; sourceTree = "<group>"; };
/* End PBXFileReference section */

/* Begin PBXFrameworksBuildPhase section */
		FE0F6D122BEF67040055A851 /* Frameworks */ = {
			isa = PBXFrameworksBuildPhase;
			buildActionMask = 2147483647;
			files = (
			);
			runOnlyForDeploymentPostprocessing = 0;
		};
		FE0F6D282BEF67060055A851 /* Frameworks */ = {
			isa = PBXFrameworksBuildPhase;
			buildActionMask = 2147483647;
			files = (
			);
			runOnlyForDeploymentPostprocessing = 0;
		};
		FE0F6D322BEF67060055A851 /* Frameworks */ = {
			isa = PBXFrameworksBuildPhase;
			buildActionMask = 2147483647;
			files = (
			);
			runOnlyForDeploymentPostprocessing = 0;
		};
/* End PBXFrameworksBuildPhase section */

/* Begin PBXGroup section */
		FE0F6D0C2BEF67040055A851 = {
			isa = PBXGroup;
			children = (
				FE0F6D172BEF67040055A851 /* CryptoListers */,
				FE0F6D2E2BEF67060055A851 /* CryptoListersTests */,
				FE0F6D382BEF67060055A851 /* CryptoListersUITests */,
				FE0F6D162BEF67040055A851 /* Products */,
			);
			sourceTree = "<group>";
		};
		FE0F6D162BEF67040055A851 /* Products */ = {
			isa = PBXGroup;
			children = (
				FE0F6D152BEF67040055A851 /* CryptoListers.app */,
				FE0F6D2B2BEF67060055A851 /* CryptoListersTests.xctest */,
				FE0F6D352BEF67060055A851 /* CryptoListersUITests.xctest */,
			);
			name = Products;
			sourceTree = "<group>";
		};
		FE0F6D172BEF67040055A851 /* CryptoListers */ = {
			isa = PBXGroup;
			children = (
				FE0F6D182BEF67040055A851 /* AppDelegate.swift */,
				FE0F6D1A2BEF67040055A851 /* SceneDelegate.swift */,
				FE0F6D692BF221B90055A851 /* Animations */,
				FE0F6D572BF1069E0055A851 /* Service */,
				FE0F6D4E2BEFAC990055A851 /* Helpers */,
				FE0F6D4B2BEF8B710055A851 /* Model */,
				FE0F6D522BF0A3510055A851 /* Views */,
				FE0F6D4A2BEF72D50055A851 /* ViewControllers */,
				FE0F6D212BEF67060055A851 /* Assets.xcassets */,
				FE0F6D232BEF67060055A851 /* LaunchScreen.storyboard */,
				FE0F6D262BEF67060055A851 /* Info.plist */,
				FE0F6D632BF1F1490055A851 /* Key.plist */,
			);
			path = CryptoListers;
			sourceTree = "<group>";
		};
		FE0F6D2E2BEF67060055A851 /* CryptoListersTests */ = {
			isa = PBXGroup;
			children = (
				FE0F6D652BF218B00055A851 /* CryptoViewController.swift */,
			);
			path = CryptoListersTests;
			sourceTree = "<group>";
		};
		FE0F6D382BEF67060055A851 /* CryptoListersUITests */ = {
			isa = PBXGroup;
			children = (
				FE0F6D392BEF67060055A851 /* CryptoListersUITests.swift */,
				FE0F6D3B2BEF67060055A851 /* CryptoListersUITestsLaunchTests.swift */,
			);
			path = CryptoListersUITests;
			sourceTree = "<group>";
		};
		FE0F6D4A2BEF72D50055A851 /* ViewControllers */ = {
			isa = PBXGroup;
			children = (
				FE0F6D482BEF6FD80055A851 /* CryptoListViewController.swift */,
			);
			path = ViewControllers;
			sourceTree = "<group>";
		};
		FE0F6D4B2BEF8B710055A851 /* Model */ = {
			isa = PBXGroup;
			children = (
				FE0F6D4C2BEF8B8A0055A851 /* DataResponseModel.swift */,
			);
			path = Model;
			sourceTree = "<group>";
		};
		FE0F6D4E2BEFAC990055A851 /* Helpers */ = {
			isa = PBXGroup;
			children = (
				FE0F6D552BF0F50E0055A851 /* AppConstants.swift */,
				FE0F6D582BF1CC200055A851 /* AppColors.swift */,
				FE0F6D5C2BF1E7A60055A851 /* ErrorMessage.swift */,
			);
			path = Helpers;
			sourceTree = "<group>";
		};
		FE0F6D522BF0A3510055A851 /* Views */ = {
			isa = PBXGroup;
			children = (
				FE0F6D532BF0B2F10055A851 /* DetailsTableViewCell.swift */,
			);
			path = Views;
			sourceTree = "<group>";
		};
		FE0F6D572BF1069E0055A851 /* Service */ = {
			isa = PBXGroup;
			children = (
				FE0F6D5A2BF1E5A00055A851 /* NetworkService.swift */,
				FE0F6D612BF1F0B20055A851 /* EndPoints.swift */,
			);
			path = Service;
			sourceTree = "<group>";
		};
		FE0F6D692BF221B90055A851 /* Animations */ = {
			isa = PBXGroup;
			children = (
				FE0F6D6A2BF221C90055A851 /* TableViewAnimation.swift */,
			);
			path = Animations;
			sourceTree = "<group>";
		};
/* End PBXGroup section */

/* Begin PBXNativeTarget section */
		FE0F6D142BEF67040055A851 /* CryptoListers */ = {
			isa = PBXNativeTarget;
			buildConfigurationList = FE0F6D3F2BEF67060055A851 /* Build configuration list for PBXNativeTarget "CryptoListers" */;
			buildPhases = (
				FE0F6D112BEF67040055A851 /* Sources */,
				FE0F6D122BEF67040055A851 /* Frameworks */,
				FE0F6D132BEF67040055A851 /* Resources */,
			);
			buildRules = (
			);
			dependencies = (
			);
			name = CryptoListers;
			productName = CryptoListers;
			productReference = FE0F6D152BEF67040055A851 /* CryptoListers.app */;
			productType = "com.apple.product-type.application";
		};
		FE0F6D2A2BEF67060055A851 /* CryptoListersTests */ = {
			isa = PBXNativeTarget;
			buildConfigurationList = FE0F6D422BEF67060055A851 /* Build configuration list for PBXNativeTarget "CryptoListersTests" */;
			buildPhases = (
				FE0F6D272BEF67060055A851 /* Sources */,
				FE0F6D282BEF67060055A851 /* Frameworks */,
				FE0F6D292BEF67060055A851 /* Resources */,
			);
			buildRules = (
			);
			dependencies = (
				FE0F6D2D2BEF67060055A851 /* PBXTargetDependency */,
			);
			name = CryptoListersTests;
			productName = CryptoListersTests;
			productReference = FE0F6D2B2BEF67060055A851 /* CryptoListersTests.xctest */;
			productType = "com.apple.product-type.bundle.unit-test";
		};
		FE0F6D342BEF67060055A851 /* CryptoListersUITests */ = {
			isa = PBXNativeTarget;
			buildConfigurationList = FE0F6D452BEF67060055A851 /* Build configuration list for PBXNativeTarget "CryptoListersUITests" */;
			buildPhases = (
				FE0F6D312BEF67060055A851 /* Sources */,
				FE0F6D322BEF67060055A851 /* Frameworks */,
				FE0F6D332BEF67060055A851 /* Resources */,
			);
			buildRules = (
			);
			dependencies = (
				FE0F6D372BEF67060055A851 /* PBXTargetDependency */,
			);
			name = CryptoListersUITests;
			productName = CryptoListersUITests;
			productReference = FE0F6D352BEF67060055A851 /* CryptoListersUITests.xctest */;
			productType = "com.apple.product-type.bundle.ui-testing";
		};
/* End PBXNativeTarget section */

/* Begin PBXProject section */
		FE0F6D0D2BEF67040055A851 /* Project object */ = {
			isa = PBXProject;
			attributes = {
				BuildIndependentTargetsInParallel = 1;
				LastSwiftUpdateCheck = 1530;
				LastUpgradeCheck = 1530;
				TargetAttributes = {
					FE0F6D142BEF67040055A851 = {
						CreatedOnToolsVersion = 15.3;
					};
					FE0F6D2A2BEF67060055A851 = {
						CreatedOnToolsVersion = 15.3;
						TestTargetID = FE0F6D142BEF67040055A851;
					};
					FE0F6D342BEF67060055A851 = {
						CreatedOnToolsVersion = 15.3;
						TestTargetID = FE0F6D142BEF67040055A851;
					};
				};
			};
			buildConfigurationList = FE0F6D102BEF67040055A851 /* Build configuration list for PBXProject "CryptoListers" */;
			compatibilityVersion = "Xcode 14.0";
			developmentRegion = en;
			hasScannedForEncodings = 0;
			knownRegions = (
				en,
				Base,
			);
			mainGroup = FE0F6D0C2BEF67040055A851;
			productRefGroup = FE0F6D162BEF67040055A851 /* Products */;
			projectDirPath = "";
			projectRoot = "";
			targets = (
				FE0F6D142BEF67040055A851 /* CryptoListers */,
				FE0F6D2A2BEF67060055A851 /* CryptoListersTests */,
				FE0F6D342BEF67060055A851 /* CryptoListersUITests */,
			);
		};
/* End PBXProject section */

/* Begin PBXResourcesBuildPhase section */
		FE0F6D132BEF67040055A851 /* Resources */ = {
			isa = PBXResourcesBuildPhase;
			buildActionMask = 2147483647;
			files = (
				FE0F6D222BEF67060055A851 /* Assets.xcassets in Resources */,
				FE0F6D252BEF67060055A851 /* Base in Resources */,
				FE0F6D642BF1F1490055A851 /* Key.plist in Resources */,
			);
			runOnlyForDeploymentPostprocessing = 0;
		};
		FE0F6D292BEF67060055A851 /* Resources */ = {
			isa = PBXResourcesBuildPhase;
			buildActionMask = 2147483647;
			files = (
			);
			runOnlyForDeploymentPostprocessing = 0;
		};
		FE0F6D332BEF67060055A851 /* Resources */ = {
			isa = PBXResourcesBuildPhase;
			buildActionMask = 2147483647;
			files = (
			);
			runOnlyForDeploymentPostprocessing = 0;
		};
/* End PBXResourcesBuildPhase section */

/* Begin PBXSourcesBuildPhase section */
		FE0F6D112BEF67040055A851 /* Sources */ = {
			isa = PBXSourcesBuildPhase;
			buildActionMask = 2147483647;
			files = (
				FE0F6D5B2BF1E5A00055A851 /* NetworkService.swift in Sources */,
				FE0F6D4D2BEF8B8A0055A851 /* DataResponseModel.swift in Sources */,
				FE0F6D562BF0F50E0055A851 /* AppConstants.swift in Sources */,
				FE0F6D542BF0B2F10055A851 /* DetailsTableViewCell.swift in Sources */,
				FE0F6D192BEF67040055A851 /* AppDelegate.swift in Sources */,
				FE0F6D5D2BF1E7A60055A851 /* ErrorMessage.swift in Sources */,
				FE0F6D592BF1CC200055A851 /* AppColors.swift in Sources */,
				FE0F6D492BEF6FD80055A851 /* CryptoListViewController.swift in Sources */,
				FE0F6D1B2BEF67040055A851 /* SceneDelegate.swift in Sources */,
				FE0F6D6B2BF221C90055A851 /* TableViewAnimation.swift in Sources */,
				FE0F6D622BF1F0B20055A851 /* EndPoints.swift in Sources */,
			);
			runOnlyForDeploymentPostprocessing = 0;
		};
		FE0F6D272BEF67060055A851 /* Sources */ = {
			isa = PBXSourcesBuildPhase;
			buildActionMask = 2147483647;
			files = (
				FE0F6D732BF23BBE0055A851 /* TableViewAnimation.swift in Sources */,
				FE0F6D6C2BF23B850055A851 /* DataResponseModel.swift in Sources */,
				FE0F6D6D2BF23B970055A851 /* AppColors.swift in Sources */,
				FE0F6D682BF218DE0055A851 /* CryptoListViewController.swift in Sources */,
				FE0F6D722BF23BB50055A851 /* DetailsTableViewCell.swift in Sources */,
				FE0F6D662BF218B00055A851 /* CryptoViewController.swift in Sources */,
				FE0F6D6F2BF23BA50055A851 /* ErrorMessage.swift in Sources */,
				FE0F6D6E2BF23BA00055A851 /* AppConstants.swift in Sources */,
				FE0F6D712BF23BAD0055A851 /* EndPoints.swift in Sources */,
				FE0F6D702BF23BAA0055A851 /* NetworkService.swift in Sources */,
			);
			runOnlyForDeploymentPostprocessing = 0;
		};
		FE0F6D312BEF67060055A851 /* Sources */ = {
			isa = PBXSourcesBuildPhase;
			buildActionMask = 2147483647;
			files = (
				FE0F6D3C2BEF67060055A851 /* CryptoListersUITestsLaunchTests.swift in Sources */,
				FE0F6D3A2BEF67060055A851 /* CryptoListersUITests.swift in Sources */,
			);
			runOnlyForDeploymentPostprocessing = 0;
		};
/* End PBXSourcesBuildPhase section */

/* Begin PBXTargetDependency section */
		FE0F6D2D2BEF67060055A851 /* PBXTargetDependency */ = {
			isa = PBXTargetDependency;
			target = FE0F6D142BEF67040055A851 /* CryptoListers */;
			targetProxy = FE0F6D2C2BEF67060055A851 /* PBXContainerItemProxy */;
		};
		FE0F6D372BEF67060055A851 /* PBXTargetDependency */ = {
			isa = PBXTargetDependency;
			target = FE0F6D142BEF67040055A851 /* CryptoListers */;
			targetProxy = FE0F6D362BEF67060055A851 /* PBXContainerItemProxy */;
		};
/* End PBXTargetDependency section */

/* Begin PBXVariantGroup section */
		FE0F6D232BEF67060055A851 /* LaunchScreen.storyboard */ = {
			isa = PBXVariantGroup;
			children = (
				FE0F6D242BEF67060055A851 /* Base */,
			);
			name = LaunchScreen.storyboard;
			sourceTree = "<group>";
		};
/* End PBXVariantGroup section */

/* Begin XCBuildConfiguration section */
		FE0F6D3D2BEF67060055A851 /* Debug */ = {
			isa = XCBuildConfiguration;
			buildSettings = {
				ALWAYS_SEARCH_USER_PATHS = NO;
				ASSETCATALOG_COMPILER_GENERATE_SWIFT_ASSET_SYMBOL_EXTENSIONS = YES;
				CLANG_ANALYZER_NONNULL = YES;
				CLANG_ANALYZER_NUMBER_OBJECT_CONVERSION = YES_AGGRESSIVE;
				CLANG_CXX_LANGUAGE_STANDARD = "gnu++20";
				CLANG_ENABLE_MODULES = YES;
				CLANG_ENABLE_OBJC_ARC = YES;
				CLANG_ENABLE_OBJC_WEAK = YES;
				CLANG_WARN_BLOCK_CAPTURE_AUTORELEASING = YES;
				CLANG_WARN_BOOL_CONVERSION = YES;
				CLANG_WARN_COMMA = YES;
				CLANG_WARN_CONSTANT_CONVERSION = YES;
				CLANG_WARN_DEPRECATED_OBJC_IMPLEMENTATIONS = YES;
				CLANG_WARN_DIRECT_OBJC_ISA_USAGE = YES_ERROR;
				CLANG_WARN_DOCUMENTATION_COMMENTS = YES;
				CLANG_WARN_EMPTY_BODY = YES;
				CLANG_WARN_ENUM_CONVERSION = YES;
				CLANG_WARN_INFINITE_RECURSION = YES;
				CLANG_WARN_INT_CONVERSION = YES;
				CLANG_WARN_NON_LITERAL_NULL_CONVERSION = YES;
				CLANG_WARN_OBJC_IMPLICIT_RETAIN_SELF = YES;
				CLANG_WARN_OBJC_LITERAL_CONVERSION = YES;
				CLANG_WARN_OBJC_ROOT_CLASS = YES_ERROR;
				CLANG_WARN_QUOTED_INCLUDE_IN_FRAMEWORK_HEADER = YES;
				CLANG_WARN_RANGE_LOOP_ANALYSIS = YES;
				CLANG_WARN_STRICT_PROTOTYPES = YES;
				CLANG_WARN_SUSPICIOUS_MOVE = YES;
				CLANG_WARN_UNGUARDED_AVAILABILITY = YES_AGGRESSIVE;
				CLANG_WARN_UNREACHABLE_CODE = YES;
				CLANG_WARN__DUPLICATE_METHOD_MATCH = YES;
				COPY_PHASE_STRIP = NO;
				DEBUG_INFORMATION_FORMAT = dwarf;
				ENABLE_STRICT_OBJC_MSGSEND = YES;
				ENABLE_TESTABILITY = YES;
				ENABLE_USER_SCRIPT_SANDBOXING = YES;
				GCC_C_LANGUAGE_STANDARD = gnu17;
				GCC_DYNAMIC_NO_PIC = NO;
				GCC_NO_COMMON_BLOCKS = YES;
				GCC_OPTIMIZATION_LEVEL = 0;
				GCC_PREPROCESSOR_DEFINITIONS = (
					"DEBUG=1",
					"$(inherited)",
				);
				GCC_WARN_64_TO_32_BIT_CONVERSION = YES;
				GCC_WARN_ABOUT_RETURN_TYPE = YES_ERROR;
				GCC_WARN_UNDECLARED_SELECTOR = YES;
				GCC_WARN_UNINITIALIZED_AUTOS = YES_AGGRESSIVE;
				GCC_WARN_UNUSED_FUNCTION = YES;
				GCC_WARN_UNUSED_VARIABLE = YES;
				IPHONEOS_DEPLOYMENT_TARGET = 17.4;
				LOCALIZATION_PREFERS_STRING_CATALOGS = YES;
				MTL_ENABLE_DEBUG_INFO = INCLUDE_SOURCE;
				MTL_FAST_MATH = YES;
				ONLY_ACTIVE_ARCH = YES;
				SDKROOT = iphoneos;
				SWIFT_ACTIVE_COMPILATION_CONDITIONS = "DEBUG $(inherited)";
				SWIFT_OPTIMIZATION_LEVEL = "-Onone";
			};
			name = Debug;
		};
		FE0F6D3E2BEF67060055A851 /* Release */ = {
			isa = XCBuildConfiguration;
			buildSettings = {
				ALWAYS_SEARCH_USER_PATHS = NO;
				ASSETCATALOG_COMPILER_GENERATE_SWIFT_ASSET_SYMBOL_EXTENSIONS = YES;
				CLANG_ANALYZER_NONNULL = YES;
				CLANG_ANALYZER_NUMBER_OBJECT_CONVERSION = YES_AGGRESSIVE;
				CLANG_CXX_LANGUAGE_STANDARD = "gnu++20";
				CLANG_ENABLE_MODULES = YES;
				CLANG_ENABLE_OBJC_ARC = YES;
				CLANG_ENABLE_OBJC_WEAK = YES;
				CLANG_WARN_BLOCK_CAPTURE_AUTORELEASING = YES;
				CLANG_WARN_BOOL_CONVERSION = YES;
				CLANG_WARN_COMMA = YES;
				CLANG_WARN_CONSTANT_CONVERSION = YES;
				CLANG_WARN_DEPRECATED_OBJC_IMPLEMENTATIONS = YES;
				CLANG_WARN_DIRECT_OBJC_ISA_USAGE = YES_ERROR;
				CLANG_WARN_DOCUMENTATION_COMMENTS = YES;
				CLANG_WARN_EMPTY_BODY = YES;
				CLANG_WARN_ENUM_CONVERSION = YES;
				CLANG_WARN_INFINITE_RECURSION = YES;
				CLANG_WARN_INT_CONVERSION = YES;
				CLANG_WARN_NON_LITERAL_NULL_CONVERSION = YES;
				CLANG_WARN_OBJC_IMPLICIT_RETAIN_SELF = YES;
				CLANG_WARN_OBJC_LITERAL_CONVERSION = YES;
				CLANG_WARN_OBJC_ROOT_CLASS = YES_ERROR;
				CLANG_WARN_QUOTED_INCLUDE_IN_FRAMEWORK_HEADER = YES;
				CLANG_WARN_RANGE_LOOP_ANALYSIS = YES;
				CLANG_WARN_STRICT_PROTOTYPES = YES;
				CLANG_WARN_SUSPICIOUS_MOVE = YES;
				CLANG_WARN_UNGUARDED_AVAILABILITY = YES_AGGRESSIVE;
				CLANG_WARN_UNREACHABLE_CODE = YES;
				CLANG_WARN__DUPLICATE_METHOD_MATCH = YES;
				COPY_PHASE_STRIP = NO;
				DEBUG_INFORMATION_FORMAT = "dwarf-with-dsym";
				ENABLE_NS_ASSERTIONS = NO;
				ENABLE_STRICT_OBJC_MSGSEND = YES;
				ENABLE_USER_SCRIPT_SANDBOXING = YES;
				GCC_C_LANGUAGE_STANDARD = gnu17;
				GCC_NO_COMMON_BLOCKS = YES;
				GCC_WARN_64_TO_32_BIT_CONVERSION = YES;
				GCC_WARN_ABOUT_RETURN_TYPE = YES_ERROR;
				GCC_WARN_UNDECLARED_SELECTOR = YES;
				GCC_WARN_UNINITIALIZED_AUTOS = YES_AGGRESSIVE;
				GCC_WARN_UNUSED_FUNCTION = YES;
				GCC_WARN_UNUSED_VARIABLE = YES;
				IPHONEOS_DEPLOYMENT_TARGET = 17.4;
				LOCALIZATION_PREFERS_STRING_CATALOGS = YES;
				MTL_ENABLE_DEBUG_INFO = NO;
				MTL_FAST_MATH = YES;
				SDKROOT = iphoneos;
				SWIFT_COMPILATION_MODE = wholemodule;
				VALIDATE_PRODUCT = YES;
			};
			name = Release;
		};
		FE0F6D402BEF67060055A851 /* Debug */ = {
			isa = XCBuildConfiguration;
			buildSettings = {
				ASSETCATALOG_COMPILER_APPICON_NAME = AppIcon;
				ASSETCATALOG_COMPILER_GLOBAL_ACCENT_COLOR_NAME = AccentColor;
				CODE_SIGN_STYLE = Automatic;
				CURRENT_PROJECT_VERSION = 1;
				DEVELOPMENT_TEAM = 9FR73CJ945;
				GENERATE_INFOPLIST_FILE = YES;
				INFOPLIST_FILE = CryptoListers/Info.plist;
				INFOPLIST_KEY_UIApplicationSupportsIndirectInputEvents = YES;
				INFOPLIST_KEY_UILaunchStoryboardName = LaunchScreen;
				INFOPLIST_KEY_UIMainStoryboardFile = "";
				INFOPLIST_KEY_UISupportedInterfaceOrientations_iPad = "UIInterfaceOrientationPortrait UIInterfaceOrientationPortraitUpsideDown UIInterfaceOrientationLandscapeLeft UIInterfaceOrientationLandscapeRight";
				INFOPLIST_KEY_UISupportedInterfaceOrientations_iPhone = "UIInterfaceOrientationPortrait UIInterfaceOrientationLandscapeLeft UIInterfaceOrientationLandscapeRight";
				LD_RUNPATH_SEARCH_PATHS = (
					"$(inherited)",
					"@executable_path/Frameworks",
				);
				MARKETING_VERSION = 1.0;
				PRODUCT_BUNDLE_IDENTIFIER = com.vaishnav.CryptoListers;
				PRODUCT_NAME = "$(TARGET_NAME)";
				SWIFT_EMIT_LOC_STRINGS = YES;
				SWIFT_VERSION = 5.0;
				TARGETED_DEVICE_FAMILY = "1,2";
			};
			name = Debug;
		};
		FE0F6D412BEF67060055A851 /* Release */ = {
			isa = XCBuildConfiguration;
			buildSettings = {
				ASSETCATALOG_COMPILER_APPICON_NAME = AppIcon;
				ASSETCATALOG_COMPILER_GLOBAL_ACCENT_COLOR_NAME = AccentColor;
				CODE_SIGN_STYLE = Automatic;
				CURRENT_PROJECT_VERSION = 1;
				DEVELOPMENT_TEAM = 9FR73CJ945;
				GENERATE_INFOPLIST_FILE = YES;
				INFOPLIST_FILE = CryptoListers/Info.plist;
				INFOPLIST_KEY_UIApplicationSupportsIndirectInputEvents = YES;
				INFOPLIST_KEY_UILaunchStoryboardName = LaunchScreen;
				INFOPLIST_KEY_UIMainStoryboardFile = "";
				INFOPLIST_KEY_UISupportedInterfaceOrientations_iPad = "UIInterfaceOrientationPortrait UIInterfaceOrientationPortraitUpsideDown UIInterfaceOrientationLandscapeLeft UIInterfaceOrientationLandscapeRight";
				INFOPLIST_KEY_UISupportedInterfaceOrientations_iPhone = "UIInterfaceOrientationPortrait UIInterfaceOrientationLandscapeLeft UIInterfaceOrientationLandscapeRight";
				LD_RUNPATH_SEARCH_PATHS = (
					"$(inherited)",
					"@executable_path/Frameworks",
				);
				MARKETING_VERSION = 1.0;
				PRODUCT_BUNDLE_IDENTIFIER = com.vaishnav.CryptoListers;
				PRODUCT_NAME = "$(TARGET_NAME)";
				SWIFT_EMIT_LOC_STRINGS = YES;
				SWIFT_VERSION = 5.0;
				TARGETED_DEVICE_FAMILY = "1,2";
			};
			name = Release;
		};
		FE0F6D432BEF67060055A851 /* Debug */ = {
			isa = XCBuildConfiguration;
			buildSettings = {
				ALWAYS_EMBED_SWIFT_STANDARD_LIBRARIES = YES;
				BUNDLE_LOADER = "$(TEST_HOST)";
				CODE_SIGN_STYLE = Automatic;
				CURRENT_PROJECT_VERSION = 1;
				DEVELOPMENT_TEAM = 9FR73CJ945;
				GENERATE_INFOPLIST_FILE = YES;
				IPHONEOS_DEPLOYMENT_TARGET = 17.4;
				MARKETING_VERSION = 1.0;
				PRODUCT_BUNDLE_IDENTIFIER = com.vaishnav.CryptoListersTests;
				PRODUCT_NAME = "$(TARGET_NAME)";
				SWIFT_EMIT_LOC_STRINGS = NO;
				SWIFT_VERSION = 5.0;
				TARGETED_DEVICE_FAMILY = "1,2";
				TEST_HOST = "$(BUILT_PRODUCTS_DIR)/CryptoListers.app/$(BUNDLE_EXECUTABLE_FOLDER_PATH)/CryptoListers";
			};
			name = Debug;
		};
		FE0F6D442BEF67060055A851 /* Release */ = {
			isa = XCBuildConfiguration;
			buildSettings = {
				ALWAYS_EMBED_SWIFT_STANDARD_LIBRARIES = YES;
				BUNDLE_LOADER = "$(TEST_HOST)";
				CODE_SIGN_STYLE = Automatic;
				CURRENT_PROJECT_VERSION = 1;
				DEVELOPMENT_TEAM = 9FR73CJ945;
				GENERATE_INFOPLIST_FILE = YES;
				IPHONEOS_DEPLOYMENT_TARGET = 17.4;
				MARKETING_VERSION = 1.0;
				PRODUCT_BUNDLE_IDENTIFIER = com.vaishnav.CryptoListersTests;
				PRODUCT_NAME = "$(TARGET_NAME)";
				SWIFT_EMIT_LOC_STRINGS = NO;
				SWIFT_VERSION = 5.0;
				TARGETED_DEVICE_FAMILY = "1,2";
				TEST_HOST = "$(BUILT_PRODUCTS_DIR)/CryptoListers.app/$(BUNDLE_EXECUTABLE_FOLDER_PATH)/CryptoListers";
			};
			name = Release;
		};
		FE0F6D462BEF67060055A851 /* Debug */ = {
			isa = XCBuildConfiguration;
			buildSettings = {
				ALWAYS_EMBED_SWIFT_STANDARD_LIBRARIES = YES;
				CODE_SIGN_STYLE = Automatic;
				CURRENT_PROJECT_VERSION = 1;
				DEVELOPMENT_TEAM = 9FR73CJ945;
				GENERATE_INFOPLIST_FILE = YES;
				MARKETING_VERSION = 1.0;
				PRODUCT_BUNDLE_IDENTIFIER = com.vaishnav.CryptoListersUITests;
				PRODUCT_NAME = "$(TARGET_NAME)";
				SWIFT_EMIT_LOC_STRINGS = NO;
				SWIFT_VERSION = 5.0;
				TARGETED_DEVICE_FAMILY = "1,2";
				TEST_TARGET_NAME = CryptoListers;
			};
			name = Debug;
		};
		FE0F6D472BEF67060055A851 /* Release */ = {
			isa = XCBuildConfiguration;
			buildSettings = {
				ALWAYS_EMBED_SWIFT_STANDARD_LIBRARIES = YES;
				CODE_SIGN_STYLE = Automatic;
				CURRENT_PROJECT_VERSION = 1;
				DEVELOPMENT_TEAM = 9FR73CJ945;
				GENERATE_INFOPLIST_FILE = YES;
				MARKETING_VERSION = 1.0;
				PRODUCT_BUNDLE_IDENTIFIER = com.vaishnav.CryptoListersUITests;
				PRODUCT_NAME = "$(TARGET_NAME)";
				SWIFT_EMIT_LOC_STRINGS = NO;
				SWIFT_VERSION = 5.0;
				TARGETED_DEVICE_FAMILY = "1,2";
				TEST_TARGET_NAME = CryptoListers;
			};
			name = Release;
		};
/* End XCBuildConfiguration section */

/* Begin XCConfigurationList section */
		FE0F6D102BEF67040055A851 /* Build configuration list for PBXProject "CryptoListers" */ = {
			isa = XCConfigurationList;
			buildConfigurations = (
				FE0F6D3D2BEF67060055A851 /* Debug */,
				FE0F6D3E2BEF67060055A851 /* Release */,
			);
			defaultConfigurationIsVisible = 0;
			defaultConfigurationName = Release;
		};
		FE0F6D3F2BEF67060055A851 /* Build configuration list for PBXNativeTarget "CryptoListers" */ = {
			isa = XCConfigurationList;
			buildConfigurations = (
				FE0F6D402BEF67060055A851 /* Debug */,
				FE0F6D412BEF67060055A851 /* Release */,
			);
			defaultConfigurationIsVisible = 0;
			defaultConfigurationName = Release;
		};
		FE0F6D422BEF67060055A851 /* Build configuration list for PBXNativeTarget "CryptoListersTests" */ = {
			isa = XCConfigurationList;
			buildConfigurations = (
				FE0F6D432BEF67060055A851 /* Debug */,
				FE0F6D442BEF67060055A851 /* Release */,
			);
			defaultConfigurationIsVisible = 0;
			defaultConfigurationName = Release;
		};
		FE0F6D452BEF67060055A851 /* Build configuration list for PBXNativeTarget "CryptoListersUITests" */ = {
			isa = XCConfigurationList;
			buildConfigurations = (
				FE0F6D462BEF67060055A851 /* Debug */,
				FE0F6D472BEF67060055A851 /* Release */,
			);
			defaultConfigurationIsVisible = 0;
			defaultConfigurationName = Release;
		};
/* End XCConfigurationList section */
	};
	rootObject = FE0F6D0D2BEF67040055A851 /* Project object */;
}
